
Microsoft Visual Studio Solution File, Format Version 12.00
# Visual Studio Version 17
VisualStudioVersion = 17.5.002.0
MinimumVisualStudioVersion = 10.0.40219.1
Project("{9A19103F-16F7-4668-BE54-9A1E7A4F7556}") = "az204-blob", "az204-blob.csproj", "{295C8CD7-D9ED-4036-A7D7-3ADD2C393207}"
EndProject
Global
	GlobalSection(SolutionConfigurationPlatforms) = preSolution
		Debug|Any CPU = Debug|Any CPU
		Release|Any CPU = Release|Any CPU
	EndGlobalSection
	GlobalSection(ProjectConfigurationPlatforms) = postSolution
		{295C8CD7-D9ED-4036-A7D7-3ADD2C393207}.Debug|Any CPU.ActiveCfg = Debug|Any CPU
		{295C8CD7-D9ED-4036-A7D7-3ADD2C393207}.Debug|Any CPU.Build.0 = Debug|Any CPU
		{295C8CD7-D9ED-4036-A7D7-3ADD2C393207}.Release|Any CPU.ActiveCfg = Release|Any CPU
		{295C8CD7-D9ED-4036-A7D7-3ADD2C393207}.Release|Any CPU.Build.0 = Release|Any CPU
	EndGlobalSection
	GlobalSection(SolutionProperties) = preSolution
		HideSolutionNode = FALSE
	EndGlobalSection
	GlobalSection(ExtensibilityGlobals) = postSolution
		SolutionGuid = {7C4BFA4E-C4C2-4347-9A76-C2D40B8DFAB5}
	EndGlobalSection
EndGlobal
